
Microsoft Visual Studio Solution File, Format Version 12.00
Project("{FAE04EC0-301F-11D3-BF4B-00C04F79EFBC}") = "Studio", "Studio.csproj", "{69495A46-9AF7-4E02-A818-6814E1BC28EC}"
EndProject
Project("{FAE04EC0-301F-11D3-BF4B-00C04F79EFBC}") = "Studio.Http", "Studio.Http\Studio.Http.csproj", "{763B51AB-C40B-4415-9784-0A7685F3D913}"
EndProject
Project("{FAE04EC0-301F-11D3-BF4B-00C04F79EFBC}") = "Studio.Support", "Studio.Support\Studio.Support.csproj", "{FE2D8379-C524-4709-B7D0-8F3DBAB6C445}"
EndProject
Project("{FAE04EC0-301F-11D3-BF4B-00C04F79EFBC}") = "Studio.Support.Tests", "Studio.Support.Tests\Studio.Support.Tests.csproj", "{FC7807F4-3104-417A-8940-DE613ABFBAE3}"
EndProject
Project("{FAE04EC0-301F-11D3-BF4B-00C04F79EFBC}") = "Studio.Foundation", "Studio.Foundation\Studio.Foundation\Studio.Foundation.csproj", "{B71E6F5D-8001-474C-9E84-3B14C2F39633}"
EndProject
Global
	GlobalSection(SolutionConfigurationPlatforms) = preSolution
		Debug|Any CPU = Debug|Any CPU
		Release|Any CPU = Release|Any CPU
	EndGlobalSection
	GlobalSection(ProjectConfigurationPlatforms) = postSolution
		{69495A46-9AF7-4E02-A818-6814E1BC28EC}.Debug|Any CPU.ActiveCfg = Debug|Any CPU
		{69495A46-9AF7-4E02-A818-6814E1BC28EC}.Debug|Any CPU.Build.0 = Debug|Any CPU
		{69495A46-9AF7-4E02-A818-6814E1BC28EC}.Release|Any CPU.ActiveCfg = Release|Any CPU
		{69495A46-9AF7-4E02-A818-6814E1BC28EC}.Release|Any CPU.Build.0 = Release|Any CPU
		{763B51AB-C40B-4415-9784-0A7685F3D913}.Debug|Any CPU.ActiveCfg = Debug|Any CPU
		{763B51AB-C40B-4415-9784-0A7685F3D913}.Debug|Any CPU.Build.0 = Debug|Any CPU
		{763B51AB-C40B-4415-9784-0A7685F3D913}.Release|Any CPU.ActiveCfg = Release|Any CPU
		{763B51AB-C40B-4415-9784-0A7685F3D913}.Release|Any CPU.Build.0 = Release|Any CPU
		{FE2D8379-C524-4709-B7D0-8F3DBAB6C445}.Debug|Any CPU.ActiveCfg = Debug|Any CPU
		{FE2D8379-C524-4709-B7D0-8F3DBAB6C445}.Debug|Any CPU.Build.0 = Debug|Any CPU
		{FE2D8379-C524-4709-B7D0-8F3DBAB6C445}.Release|Any CPU.ActiveCfg = Release|Any CPU
		{FE2D8379-C524-4709-B7D0-8F3DBAB6C445}.Release|Any CPU.Build.0 = Release|Any CPU
		{FC7807F4-3104-417A-8940-DE613ABFBAE3}.Debug|Any CPU.ActiveCfg = Debug|Any CPU
		{FC7807F4-3104-417A-8940-DE613ABFBAE3}.Debug|Any CPU.Build.0 = Debug|Any CPU
		{FC7807F4-3104-417A-8940-DE613ABFBAE3}.Release|Any CPU.ActiveCfg = Release|Any CPU
		{FC7807F4-3104-417A-8940-DE613ABFBAE3}.Release|Any CPU.Build.0 = Release|Any CPU
		{B71E6F5D-8001-474C-9E84-3B14C2F39633}.Debug|Any CPU.ActiveCfg = Debug|Any CPU
		{B71E6F5D-8001-474C-9E84-3B14C2F39633}.Debug|Any CPU.Build.0 = Debug|Any CPU
		{B71E6F5D-8001-474C-9E84-3B14C2F39633}.Release|Any CPU.ActiveCfg = Release|Any CPU
		{B71E6F5D-8001-474C-9E84-3B14C2F39633}.Release|Any CPU.Build.0 = Release|Any CPU
	EndGlobalSection
EndGlobal
